
Microsoft Visual Studio Solution File, Format Version 12.00
# Visual Studio Version 17
VisualStudioVersion = 17.2.32630.192
MinimumVisualStudioVersion = 10.0.40219.1
Project("{FAE04EC0-301F-11D3-BF4B-00C04F79EFBC}") = "DatabaseInterfaceDesign", "DatabaseInterfaceDesign\DatabaseInterfaceDesign.csproj", "{49B33025-421E-4B0E-8421-6D8CFB73E70C}"
EndProject
Global
	GlobalSection(SolutionConfigurationPlatforms) = preSolution
		Debug|Any CPU = Debug|Any CPU
		Release|Any CPU = Release|Any CPU
	EndGlobalSection
	GlobalSection(ProjectConfigurationPlatforms) = postSolution
		{49B33025-421E-4B0E-8421-6D8CFB73E70C}.Debug|Any CPU.ActiveCfg = Debug|Any CPU
		{49B33025-421E-4B0E-8421-6D8CFB73E70C}.Debug|Any CPU.Build.0 = Debug|Any CPU
		{49B33025-421E-4B0E-8421-6D8CFB73E70C}.Release|Any CPU.ActiveCfg = Release|Any CPU
		{49B33025-421E-4B0E-8421-6D8CFB73E70C}.Release|Any CPU.Build.0 = Release|Any CPU
	EndGlobalSection
	GlobalSection(SolutionProperties) = preSolution
		HideSolutionNode = FALSE
	EndGlobalSection
	GlobalSection(ExtensibilityGlobals) = postSolution
		SolutionGuid = {902F83D0-EF66-4E36-805C-362186122DF6}
	EndGlobalSection
EndGlobal
